// !$*UTF8*$!
{
	archiveVersion = 1;
	classes = {
	};
	objectVersion = 56;
	objects = {

/* Begin PBXBuildFile section */
		76044ADC28F3FF7200FAB952 /* _0_Practice1App.swift in Sources */ = {isa = PBXBuildFile; fileRef = 76044ADB28F3FF7200FAB952 /* _0_Practice1App.swift */; };
		76044ADE28F3FF7200FAB952 /* ContentView.swift in Sources */ = {isa = PBXBuildFile; fileRef = 76044ADD28F3FF7200FAB952 /* ContentView.swift */; };
		76044AE028F3FF7200FAB952 /* Assets.xcassets in Resources */ = {isa = PBXBuildFile; fileRef = 76044ADF28F3FF7200FAB952 /* Assets.xcassets */; };
		76044AE328F3FF7200FAB952 /* Preview Assets.xcassets in Resources */ = {isa = PBXBuildFile; fileRef = 76044AE228F3FF7200FAB952 /* Preview Assets.xcassets */; };
		76044AEA28F403A700FAB952 /* CircleImage.swift in Sources */ = {isa = PBXBuildFile; fileRef = 76044AE928F403A700FAB952 /* CircleImage.swift */; };
		7644BA5728F6DAA50058A757 /* Profile.swift in Sources */ = {isa = PBXBuildFile; fileRef = 7644BA5628F6DAA50058A757 /* Profile.swift */; };
		7644BA5A28F6DB370058A757 /* ProfileHost.swift in Sources */ = {isa = PBXBuildFile; fileRef = 7644BA5928F6DB370058A757 /* ProfileHost.swift */; };
		7644BA5C28F6DB7F0058A757 /* ProfileSummary.swift in Sources */ = {isa = PBXBuildFile; fileRef = 7644BA5B28F6DB7F0058A757 /* ProfileSummary.swift */; };
		7644BA5E28F6DD970058A757 /* HikeBadge.swift in Sources */ = {isa = PBXBuildFile; fileRef = 7644BA5D28F6DD970058A757 /* HikeBadge.swift */; };
		7644BA6028F6E25F0058A757 /* ProfileEditor.swift in Sources */ = {isa = PBXBuildFile; fileRef = 7644BA5F28F6E25F0058A757 /* ProfileEditor.swift */; };
		765CA11728F65C7B00B1FF6D /* hikeData.json in Resources */ = {isa = PBXBuildFile; fileRef = 765CA11628F65C7B00B1FF6D /* hikeData.json */; };
		765CA11928F66BD800B1FF6D /* Hike.swift in Sources */ = {isa = PBXBuildFile; fileRef = 765CA11828F66BD800B1FF6D /* Hike.swift */; };
		765CA11F28F66D2A00B1FF6D /* GraphCapsule.swift in Sources */ = {isa = PBXBuildFile; fileRef = 765CA11B28F66D2A00B1FF6D /* GraphCapsule.swift */; };
		765CA12028F66D2A00B1FF6D /* HikeGraph.swift in Sources */ = {isa = PBXBuildFile; fileRef = 765CA11C28F66D2A00B1FF6D /* HikeGraph.swift */; };
		765CA12128F66D2A00B1FF6D /* HikeDetail.swift in Sources */ = {isa = PBXBuildFile; fileRef = 765CA11D28F66D2A00B1FF6D /* HikeDetail.swift */; };
		765CA12228F66D2A00B1FF6D /* HikeView.swift in Sources */ = {isa = PBXBuildFile; fileRef = 765CA11E28F66D2A00B1FF6D /* HikeView.swift */; };
		765CA12528F6718F00B1FF6D /* CategoryHome.swift in Sources */ = {isa = PBXBuildFile; fileRef = 765CA12428F6718F00B1FF6D /* CategoryHome.swift */; };
		765CA12728F6736600B1FF6D /* CategoryRow.swift in Sources */ = {isa = PBXBuildFile; fileRef = 765CA12628F6736600B1FF6D /* CategoryRow.swift */; };
		765CA12928F67CB800B1FF6D /* landmarkData.json in Resources */ = {isa = PBXBuildFile; fileRef = 765CA12828F67CB800B1FF6D /* landmarkData.json */; };
		765CA12B28F6B05F00B1FF6D /* CategoryItem.swift in Sources */ = {isa = PBXBuildFile; fileRef = 765CA12A28F6B05F00B1FF6D /* CategoryItem.swift */; };
		7669417328F5245400CCE149 /* FavoriteButton.swift in Sources */ = {isa = PBXBuildFile; fileRef = 7669417228F5245400CCE149 /* FavoriteButton.swift */; };
		768738A528F5284A009ACB45 /* HexagonParameters.swift in Sources */ = {isa = PBXBuildFile; fileRef = 768738A428F5284A009ACB45 /* HexagonParameters.swift */; };
		768738A728F5296B009ACB45 /* BadgeBackground.swift in Sources */ = {isa = PBXBuildFile; fileRef = 768738A628F5296B009ACB45 /* BadgeBackground.swift */; };
		768738A928F58D46009ACB45 /* BadgeSymbol.swift in Sources */ = {isa = PBXBuildFile; fileRef = 768738A828F58D46009ACB45 /* BadgeSymbol.swift */; };
		768738AB28F58EFC009ACB45 /* RotateBadgeSymbol.swift in Sources */ = {isa = PBXBuildFile; fileRef = 768738AA28F58EFC009ACB45 /* RotateBadgeSymbol.swift */; };
		768738AD28F58FA5009ACB45 /* Badge.swift in Sources */ = {isa = PBXBuildFile; fileRef = 768738AC28F58FA5009ACB45 /* Badge.swift */; };
		7697E4A128F7BCC600879184 /* PageControl.swift in Sources */ = {isa = PBXBuildFile; fileRef = 7697E4A028F7BCC600879184 /* PageControl.swift */; };
		76C1AB3228F780AD00F15132 /* PageViewController.swift in Sources */ = {isa = PBXBuildFile; fileRef = 76C1AB3128F780AD00F15132 /* PageViewController.swift */; };
		76C1AB3428F7826A00F15132 /* FeatureCard.swift in Sources */ = {isa = PBXBuildFile; fileRef = 76C1AB3328F7826A00F15132 /* FeatureCard.swift */; };
		76C1AB3628F7841B00F15132 /* PageView.swift in Sources */ = {isa = PBXBuildFile; fileRef = 76C1AB3528F7841B00F15132 /* PageView.swift */; };
		76FAB66328F4E0C70092D804 /* MapView.swift in Sources */ = {isa = PBXBuildFile; fileRef = 76FAB66228F4E0C70092D804 /* MapView.swift */; };
		76FAB66528F4E3A60092D804 /* ModelData.swift in Sources */ = {isa = PBXBuildFile; fileRef = 76FAB66428F4E3A60092D804 /* ModelData.swift */; };
		76FAB66C28F4E8310092D804 /* LandmarkRow.swift in Sources */ = {isa = PBXBuildFile; fileRef = 76FAB66B28F4E8310092D804 /* LandmarkRow.swift */; };
		76FAB66E28F4E9BA0092D804 /* LandmarkList.swift in Sources */ = {isa = PBXBuildFile; fileRef = 76FAB66D28F4E9BA0092D804 /* LandmarkList.swift */; };
		76FAB67028F4EA5B0092D804 /* LandmarkDetail.swift in Sources */ = {isa = PBXBuildFile; fileRef = 76FAB66F28F4EA5B0092D804 /* LandmarkDetail.swift */; };
		76FE659728F4DDF700B35293 /* Landmark.swift in Sources */ = {isa = PBXBuildFile; fileRef = 76FE659628F4DDF700B35293 /* Landmark.swift */; };
/* End PBXBuildFile section */

/* Begin PBXFileReference section */
		76044AD828F3FF7200FAB952 /* 10_Practice1.app */ = {isa = PBXFileReference; explicitFileType = wrapper.application; includeInIndex = 0; path = 10_Practice1.app; sourceTree = BUILT_PRODUCTS_DIR; };
		76044ADB28F3FF7200FAB952 /* _0_Practice1App.swift */ = {isa = PBXFileReference; lastKnownFileType = sourcecode.swift; path = _0_Practice1App.swift; sourceTree = "<group>"; };
		76044ADD28F3FF7200FAB952 /* ContentView.swift */ = {isa = PBXFileReference; lastKnownFileType = sourcecode.swift; path = ContentView.swift; sourceTree = "<group>"; };
		76044ADF28F3FF7200FAB952 /* Assets.xcassets */ = {isa = PBXFileReference; lastKnownFileType = folder.assetcatalog; path = Assets.xcassets; sourceTree = "<group>"; };
		76044AE228F3FF7200FAB952 /* Preview Assets.xcassets */ = {isa = PBXFileReference; lastKnownFileType = folder.assetcatalog; path = "Preview Assets.xcassets"; sourceTree = "<group>"; };
		76044AE928F403A700FAB952 /* CircleImage.swift */ = {isa = PBXFileReference; lastKnownFileType = sourcecode.swift; path = CircleImage.swift; sourceTree = "<group>"; };
		7644BA5628F6DAA50058A757 /* Profile.swift */ = {isa = PBXFileReference; lastKnownFileType = sourcecode.swift; path = Profile.swift; sourceTree = "<group>"; };
		7644BA5928F6DB370058A757 /* ProfileHost.swift */ = {isa = PBXFileReference; lastKnownFileType = sourcecode.swift; path = ProfileHost.swift; sourceTree = "<group>"; };
		7644BA5B28F6DB7F0058A757 /* ProfileSummary.swift */ = {isa = PBXFileReference; lastKnownFileType = sourcecode.swift; path = ProfileSummary.swift; sourceTree = "<group>"; };
		7644BA5D28F6DD970058A757 /* HikeBadge.swift */ = {isa = PBXFileReference; lastKnownFileType = sourcecode.swift; path = HikeBadge.swift; sourceTree = "<group>"; };
		7644BA5F28F6E25F0058A757 /* ProfileEditor.swift */ = {isa = PBXFileReference; lastKnownFileType = sourcecode.swift; path = ProfileEditor.swift; sourceTree = "<group>"; };
		765CA11628F65C7B00B1FF6D /* hikeData.json */ = {isa = PBXFileReference; fileEncoding = 4; lastKnownFileType = text.json; path = hikeData.json; sourceTree = "<group>"; };
		765CA11828F66BD800B1FF6D /* Hike.swift */ = {isa = PBXFileReference; lastKnownFileType = sourcecode.swift; path = Hike.swift; sourceTree = "<group>"; };
		765CA11B28F66D2A00B1FF6D /* GraphCapsule.swift */ = {isa = PBXFileReference; fileEncoding = 4; lastKnownFileType = sourcecode.swift; path = GraphCapsule.swift; sourceTree = "<group>"; };
		765CA11C28F66D2A00B1FF6D /* HikeGraph.swift */ = {isa = PBXFileReference; fileEncoding = 4; lastKnownFileType = sourcecode.swift; path = HikeGraph.swift; sourceTree = "<group>"; };
		765CA11D28F66D2A00B1FF6D /* HikeDetail.swift */ = {isa = PBXFileReference; fileEncoding = 4; lastKnownFileType = sourcecode.swift; path = HikeDetail.swift; sourceTree = "<group>"; };
		765CA11E28F66D2A00B1FF6D /* HikeView.swift */ = {isa = PBXFileReference; fileEncoding = 4; lastKnownFileType = sourcecode.swift; path = HikeView.swift; sourceTree = "<group>"; };
		765CA12428F6718F00B1FF6D /* CategoryHome.swift */ = {isa = PBXFileReference; lastKnownFileType = sourcecode.swift; path = CategoryHome.swift; sourceTree = "<group>"; };
		765CA12628F6736600B1FF6D /* CategoryRow.swift */ = {isa = PBXFileReference; lastKnownFileType = sourcecode.swift; path = CategoryRow.swift; sourceTree = "<group>"; };
		765CA12828F67CB800B1FF6D /* landmarkData.json */ = {isa = PBXFileReference; fileEncoding = 4; lastKnownFileType = text.json; name = landmarkData.json; path = "../../../../../Downloads/BuildingListsAndNavigation-2/Resources/landmarkData.json"; sourceTree = "<group>"; };
		765CA12A28F6B05F00B1FF6D /* CategoryItem.swift */ = {isa = PBXFileReference; lastKnownFileType = sourcecode.swift; path = CategoryItem.swift; sourceTree = "<group>"; };
		7669417228F5245400CCE149 /* FavoriteButton.swift */ = {isa = PBXFileReference; lastKnownFileType = sourcecode.swift; path = FavoriteButton.swift; sourceTree = "<group>"; };
		768738A428F5284A009ACB45 /* HexagonParameters.swift */ = {isa = PBXFileReference; lastKnownFileType = sourcecode.swift; path = HexagonParameters.swift; sourceTree = "<group>"; };
		768738A628F5296B009ACB45 /* BadgeBackground.swift */ = {isa = PBXFileReference; lastKnownFileType = sourcecode.swift; path = BadgeBackground.swift; sourceTree = "<group>"; };
		768738A828F58D46009ACB45 /* BadgeSymbol.swift */ = {isa = PBXFileReference; lastKnownFileType = sourcecode.swift; path = BadgeSymbol.swift; sourceTree = "<group>"; };
		768738AA28F58EFC009ACB45 /* RotateBadgeSymbol.swift */ = {isa = PBXFileReference; lastKnownFileType = sourcecode.swift; path = RotateBadgeSymbol.swift; sourceTree = "<group>"; };
		768738AC28F58FA5009ACB45 /* Badge.swift */ = {isa = PBXFileReference; lastKnownFileType = sourcecode.swift; path = Badge.swift; sourceTree = "<group>"; };
		7697E4A028F7BCC600879184 /* PageControl.swift */ = {isa = PBXFileReference; lastKnownFileType = sourcecode.swift; path = PageControl.swift; sourceTree = "<group>"; };
		76C1AB3128F780AD00F15132 /* PageViewController.swift */ = {isa = PBXFileReference; lastKnownFileType = sourcecode.swift; path = PageViewController.swift; sourceTree = "<group>"; };
		76C1AB3328F7826A00F15132 /* FeatureCard.swift */ = {isa = PBXFileReference; lastKnownFileType = sourcecode.swift; path = FeatureCard.swift; sourceTree = "<group>"; };
		76C1AB3528F7841B00F15132 /* PageView.swift */ = {isa = PBXFileReference; lastKnownFileType = sourcecode.swift; path = PageView.swift; sourceTree = "<group>"; };
		76FAB66228F4E0C70092D804 /* MapView.swift */ = {isa = PBXFileReference; fileEncoding = 4; lastKnownFileType = sourcecode.swift; path = MapView.swift; sourceTree = "<group>"; };
		76FAB66428F4E3A60092D804 /* ModelData.swift */ = {isa = PBXFileReference; lastKnownFileType = sourcecode.swift; path = ModelData.swift; sourceTree = "<group>"; };
		76FAB66B28F4E8310092D804 /* LandmarkRow.swift */ = {isa = PBXFileReference; lastKnownFileType = sourcecode.swift; path = LandmarkRow.swift; sourceTree = "<group>"; };
		76FAB66D28F4E9BA0092D804 /* LandmarkList.swift */ = {isa = PBXFileReference; lastKnownFileType = sourcecode.swift; path = LandmarkList.swift; sourceTree = "<group>"; };
		76FAB66F28F4EA5B0092D804 /* LandmarkDetail.swift */ = {isa = PBXFileReference; lastKnownFileType = sourcecode.swift; path = LandmarkDetail.swift; sourceTree = "<group>"; };
		76FE659628F4DDF700B35293 /* Landmark.swift */ = {isa = PBXFileReference; lastKnownFileType = sourcecode.swift; path = Landmark.swift; sourceTree = "<group>"; };
/* End PBXFileReference section */

/* Begin PBXFrameworksBuildPhase section */
		76044AD528F3FF7200FAB952 /* Frameworks */ = {
			isa = PBXFrameworksBuildPhase;
			buildActionMask = 2147483647;
			files = (
			);
			runOnlyForDeploymentPostprocessing = 0;
		};
/* End PBXFrameworksBuildPhase section */

/* Begin PBXGroup section */
		76044ACF28F3FF7100FAB952 = {
			isa = PBXGroup;
			children = (
				76044ADA28F3FF7200FAB952 /* 10_Practice1 */,
				76044AD928F3FF7200FAB952 /* Products */,
			);
			sourceTree = "<group>";
		};
		76044AD928F3FF7200FAB952 /* Products */ = {
			isa = PBXGroup;
			children = (
				76044AD828F3FF7200FAB952 /* 10_Practice1.app */,
			);
			name = Products;
			sourceTree = "<group>";
		};
		76044ADA28F3FF7200FAB952 /* 10_Practice1 */ = {
			isa = PBXGroup;
			children = (
				76FAB66A28F4E75D0092D804 /* Resorces */,
				76FAB66928F4E7030092D804 /* Model */,
				76FAB66828F4E6DC0092D804 /* Views */,
				76044ADB28F3FF7200FAB952 /* _0_Practice1App.swift */,
				76044ADF28F3FF7200FAB952 /* Assets.xcassets */,
				76044AE128F3FF7200FAB952 /* Preview Content */,
			);
			path = 10_Practice1;
			sourceTree = "<group>";
		};
		76044AE128F3FF7200FAB952 /* Preview Content */ = {
			isa = PBXGroup;
			children = (
				76044AE228F3FF7200FAB952 /* Preview Assets.xcassets */,
			);
			path = "Preview Content";
			sourceTree = "<group>";
		};
		7644BA5828F6DB1F0058A757 /* Profiles */ = {
			isa = PBXGroup;
			children = (
				7644BA5928F6DB370058A757 /* ProfileHost.swift */,
				7644BA5B28F6DB7F0058A757 /* ProfileSummary.swift */,
				7644BA5F28F6E25F0058A757 /* ProfileEditor.swift */,
			);
			path = Profiles;
			sourceTree = "<group>";
		};
		765CA11A28F66D2A00B1FF6D /* Hikes */ = {
			isa = PBXGroup;
			children = (
				765CA11B28F66D2A00B1FF6D /* GraphCapsule.swift */,
				765CA11C28F66D2A00B1FF6D /* HikeGraph.swift */,
				765CA11D28F66D2A00B1FF6D /* HikeDetail.swift */,
				765CA11E28F66D2A00B1FF6D /* HikeView.swift */,
			);
			path = Hikes;
			sourceTree = "<group>";
		};
		765CA12328F6716300B1FF6D /* Categories */ = {
			isa = PBXGroup;
			children = (
				765CA12428F6718F00B1FF6D /* CategoryHome.swift */,
				765CA12628F6736600B1FF6D /* CategoryRow.swift */,
				765CA12A28F6B05F00B1FF6D /* CategoryItem.swift */,
			);
			path = Categories;
			sourceTree = "<group>";
		};
		7669417428F5251700CCE149 /* Landmarks */ = {
			isa = PBXGroup;
			children = (
				76FAB66F28F4EA5B0092D804 /* LandmarkDetail.swift */,
				76FAB66D28F4E9BA0092D804 /* LandmarkList.swift */,
				76FAB66B28F4E8310092D804 /* LandmarkRow.swift */,
			);
			path = Landmarks;
			sourceTree = "<group>";
		};
		7669417628F5252B00CCE149 /* Helpers */ = {
			isa = PBXGroup;
			children = (
				7669417228F5245400CCE149 /* FavoriteButton.swift */,
				76FAB66228F4E0C70092D804 /* MapView.swift */,
				76044AE928F403A700FAB952 /* CircleImage.swift */,
			);
			path = Helpers;
			sourceTree = "<group>";
		};
		768738AE28F590E3009ACB45 /* Badges */ = {
			isa = PBXGroup;
			children = (
				7644BA5D28F6DD970058A757 /* HikeBadge.swift */,
				768738A428F5284A009ACB45 /* HexagonParameters.swift */,
				768738AA28F58EFC009ACB45 /* RotateBadgeSymbol.swift */,
				768738A828F58D46009ACB45 /* BadgeSymbol.swift */,
				768738A628F5296B009ACB45 /* BadgeBackground.swift */,
				768738AC28F58FA5009ACB45 /* Badge.swift */,
			);
			path = Badges;
			sourceTree = "<group>";
		};
		76C1AB3028F7806C00F15132 /* PageView */ = {
			isa = PBXGroup;
			children = (
				76C1AB3328F7826A00F15132 /* FeatureCard.swift */,
				76C1AB3128F780AD00F15132 /* PageViewController.swift */,
				76C1AB3528F7841B00F15132 /* PageView.swift */,
			);
			path = PageView;
			sourceTree = "<group>";
		};
		76FAB66828F4E6DC0092D804 /* Views */ = {
			isa = PBXGroup;
			children = (
				76C1AB3028F7806C00F15132 /* PageView */,
				7644BA5828F6DB1F0058A757 /* Profiles */,
				765CA12328F6716300B1FF6D /* Categories */,
				765CA11A28F66D2A00B1FF6D /* Hikes */,
				7669417628F5252B00CCE149 /* Helpers */,
				7669417428F5251700CCE149 /* Landmarks */,
				76044ADD28F3FF7200FAB952 /* ContentView.swift */,
				768738AE28F590E3009ACB45 /* Badges */,
				7697E4A028F7BCC600879184 /* PageControl.swift */,
			);
			path = Views;
			sourceTree = "<group>";
		};
		76FAB66928F4E7030092D804 /* Model */ = {
			isa = PBXGroup;
			children = (
				7644BA5628F6DAA50058A757 /* Profile.swift */,
				76FAB66428F4E3A60092D804 /* ModelData.swift */,
				765CA11828F66BD800B1FF6D /* Hike.swift */,
				76FE659628F4DDF700B35293 /* Landmark.swift */,
			);
			path = Model;
			sourceTree = "<group>";
		};
		76FAB66A28F4E75D0092D804 /* Resorces */ = {
			isa = PBXGroup;
			children = (
				765CA12828F67CB800B1FF6D /* landmarkData.json */,
				765CA11628F65C7B00B1FF6D /* hikeData.json */,
			);
			path = Resorces;
			sourceTree = "<group>";
		};
/* End PBXGroup section */

/* Begin PBXNativeTarget section */
		76044AD728F3FF7200FAB952 /* 10_Practice1 */ = {
			isa = PBXNativeTarget;
			buildConfigurationList = 76044AE628F3FF7200FAB952 /* Build configuration list for PBXNativeTarget "10_Practice1" */;
			buildPhases = (
				76044AD428F3FF7200FAB952 /* Sources */,
				76044AD528F3FF7200FAB952 /* Frameworks */,
				76044AD628F3FF7200FAB952 /* Resources */,
			);
			buildRules = (
			);
			dependencies = (
			);
			name = 10_Practice1;
			productName = 10_Practice1;
			productReference = 76044AD828F3FF7200FAB952 /* 10_Practice1.app */;
			productType = "com.apple.product-type.application";
		};
/* End PBXNativeTarget section */

/* Begin PBXProject section */
		76044AD028F3FF7100FAB952 /* Project object */ = {
			isa = PBXProject;
			attributes = {
				BuildIndependentTargetsInParallel = 1;
				LastSwiftUpdateCheck = 1400;
				LastUpgradeCheck = 1400;
				TargetAttributes = {
					76044AD728F3FF7200FAB952 = {
						CreatedOnToolsVersion = 14.0.1;
					};
				};
			};
			buildConfigurationList = 76044AD328F3FF7100FAB952 /* Build configuration list for PBXProject "10_Practice1" */;
			compatibilityVersion = "Xcode 14.0";
			developmentRegion = en;
			hasScannedForEncodings = 0;
			knownRegions = (
				en,
				Base,
			);
			mainGroup = 76044ACF28F3FF7100FAB952;
			productRefGroup = 76044AD928F3FF7200FAB952 /* Products */;
			projectDirPath = "";
			projectRoot = "";
			targets = (
				76044AD728F3FF7200FAB952 /* 10_Practice1 */,
			);
		};
/* End PBXProject section */

/* Begin PBXResourcesBuildPhase section */
		76044AD628F3FF7200FAB952 /* Resources */ = {
			isa = PBXResourcesBuildPhase;
			buildActionMask = 2147483647;
			files = (
				765CA11728F65C7B00B1FF6D /* hikeData.json in Resources */,
				76044AE328F3FF7200FAB952 /* Preview Assets.xcassets in Resources */,
				765CA12928F67CB800B1FF6D /* landmarkData.json in Resources */,
				76044AE028F3FF7200FAB952 /* Assets.xcassets in Resources */,
			);
			runOnlyForDeploymentPostprocessing = 0;
		};
/* End PBXResourcesBuildPhase section */

/* Begin PBXSourcesBuildPhase section */
		76044AD428F3FF7200FAB952 /* Sources */ = {
			isa = PBXSourcesBuildPhase;
			buildActionMask = 2147483647;
			files = (
				765CA12728F6736600B1FF6D /* CategoryRow.swift in Sources */,
				7644BA5728F6DAA50058A757 /* Profile.swift in Sources */,
				76044ADE28F3FF7200FAB952 /* ContentView.swift in Sources */,
				765CA12528F6718F00B1FF6D /* CategoryHome.swift in Sources */,
				76C1AB3428F7826A00F15132 /* FeatureCard.swift in Sources */,
				765CA12028F66D2A00B1FF6D /* HikeGraph.swift in Sources */,
				768738AD28F58FA5009ACB45 /* Badge.swift in Sources */,
				76FAB66528F4E3A60092D804 /* ModelData.swift in Sources */,
				765CA11F28F66D2A00B1FF6D /* GraphCapsule.swift in Sources */,
				768738AB28F58EFC009ACB45 /* RotateBadgeSymbol.swift in Sources */,
				7697E4A128F7BCC600879184 /* PageControl.swift in Sources */,
				76FAB66328F4E0C70092D804 /* MapView.swift in Sources */,
				765CA12B28F6B05F00B1FF6D /* CategoryItem.swift in Sources */,
				765CA12128F66D2A00B1FF6D /* HikeDetail.swift in Sources */,
				7644BA5C28F6DB7F0058A757 /* ProfileSummary.swift in Sources */,
				7669417328F5245400CCE149 /* FavoriteButton.swift in Sources */,
				7644BA5A28F6DB370058A757 /* ProfileHost.swift in Sources */,
				765CA11928F66BD800B1FF6D /* Hike.swift in Sources */,
				768738A528F5284A009ACB45 /* HexagonParameters.swift in Sources */,
				76C1AB3628F7841B00F15132 /* PageView.swift in Sources */,
				768738A928F58D46009ACB45 /* BadgeSymbol.swift in Sources */,
				7644BA6028F6E25F0058A757 /* ProfileEditor.swift in Sources */,
				76FAB66E28F4E9BA0092D804 /* LandmarkList.swift in Sources */,
				765CA12228F66D2A00B1FF6D /* HikeView.swift in Sources */,
				76FAB67028F4EA5B0092D804 /* LandmarkDetail.swift in Sources */,
				76C1AB3228F780AD00F15132 /* PageViewController.swift in Sources */,
				768738A728F5296B009ACB45 /* BadgeBackground.swift in Sources */,
				7644BA5E28F6DD970058A757 /* HikeBadge.swift in Sources */,
				76044ADC28F3FF7200FAB952 /* _0_Practice1App.swift in Sources */,
				76044AEA28F403A700FAB952 /* CircleImage.swift in Sources */,
				76FAB66C28F4E8310092D804 /* LandmarkRow.swift in Sources */,
				76FE659728F4DDF700B35293 /* Landmark.swift in Sources */,
			);
			runOnlyForDeploymentPostprocessing = 0;
		};
/* End PBXSourcesBuildPhase section */

/* Begin XCBuildConfiguration section */
		76044AE428F3FF7200FAB952 /* Debug */ = {
			isa = XCBuildConfiguration;
			buildSettings = {
				ALWAYS_SEARCH_USER_PATHS = NO;
				CLANG_ANALYZER_NONNULL = YES;
				CLANG_ANALYZER_NUMBER_OBJECT_CONVERSION = YES_AGGRESSIVE;
				CLANG_CXX_LANGUAGE_STANDARD = "gnu++20";
				CLANG_ENABLE_MODULES = YES;
				CLANG_ENABLE_OBJC_ARC = YES;
				CLANG_ENABLE_OBJC_WEAK = YES;
				CLANG_WARN_BLOCK_CAPTURE_AUTORELEASING = YES;
				CLANG_WARN_BOOL_CONVERSION = YES;
				CLANG_WARN_COMMA = YES;
				CLANG_WARN_CONSTANT_CONVERSION = YES;
				CLANG_WARN_DEPRECATED_OBJC_IMPLEMENTATIONS = YES;
				CLANG_WARN_DIRECT_OBJC_ISA_USAGE = YES_ERROR;
				CLANG_WARN_DOCUMENTATION_COMMENTS = YES;
				CLANG_WARN_EMPTY_BODY = YES;
				CLANG_WARN_ENUM_CONVERSION = YES;
				CLANG_WARN_INFINITE_RECURSION = YES;
				CLANG_WARN_INT_CONVERSION = YES;
				CLANG_WARN_NON_LITERAL_NULL_CONVERSION = YES;
				CLANG_WARN_OBJC_IMPLICIT_RETAIN_SELF = YES;
				CLANG_WARN_OBJC_LITERAL_CONVERSION = YES;
				CLANG_WARN_OBJC_ROOT_CLASS = YES_ERROR;
				CLANG_WARN_QUOTED_INCLUDE_IN_FRAMEWORK_HEADER = YES;
				CLANG_WARN_RANGE_LOOP_ANALYSIS = YES;
				CLANG_WARN_STRICT_PROTOTYPES = YES;
				CLANG_WARN_SUSPICIOUS_MOVE = YES;
				CLANG_WARN_UNGUARDED_AVAILABILITY = YES_AGGRESSIVE;
				CLANG_WARN_UNREACHABLE_CODE = YES;
				CLANG_WARN__DUPLICATE_METHOD_MATCH = YES;
				COPY_PHASE_STRIP = NO;
				DEBUG_INFORMATION_FORMAT = dwarf;
				ENABLE_STRICT_OBJC_MSGSEND = YES;
				ENABLE_TESTABILITY = YES;
				GCC_C_LANGUAGE_STANDARD = gnu11;
				GCC_DYNAMIC_NO_PIC = NO;
				GCC_NO_COMMON_BLOCKS = YES;
				GCC_OPTIMIZATION_LEVEL = 0;
				GCC_PREPROCESSOR_DEFINITIONS = (
					"DEBUG=1",
					"$(inherited)",
				);
				GCC_WARN_64_TO_32_BIT_CONVERSION = YES;
				GCC_WARN_ABOUT_RETURN_TYPE = YES_ERROR;
				GCC_WARN_UNDECLARED_SELECTOR = YES;
				GCC_WARN_UNINITIALIZED_AUTOS = YES_AGGRESSIVE;
				GCC_WARN_UNUSED_FUNCTION = YES;
				GCC_WARN_UNUSED_VARIABLE = YES;
				IPHONEOS_DEPLOYMENT_TARGET = 16.0;
				MTL_ENABLE_DEBUG_INFO = INCLUDE_SOURCE;
				MTL_FAST_MATH = YES;
				ONLY_ACTIVE_ARCH = YES;
				SDKROOT = iphoneos;
				SWIFT_ACTIVE_COMPILATION_CONDITIONS = DEBUG;
				SWIFT_OPTIMIZATION_LEVEL = "-Onone";
			};
			name = Debug;
		};
		76044AE528F3FF7200FAB952 /* Release */ = {
			isa = XCBuildConfiguration;
			buildSettings = {
				ALWAYS_SEARCH_USER_PATHS = NO;
				CLANG_ANALYZER_NONNULL = YES;
				CLANG_ANALYZER_NUMBER_OBJECT_CONVERSION = YES_AGGRESSIVE;
				CLANG_CXX_LANGUAGE_STANDARD = "gnu++20";
				CLANG_ENABLE_MODULES = YES;
				CLANG_ENABLE_OBJC_ARC = YES;
				CLANG_ENABLE_OBJC_WEAK = YES;
				CLANG_WARN_BLOCK_CAPTURE_AUTORELEASING = YES;
				CLANG_WARN_BOOL_CONVERSION = YES;
				CLANG_WARN_COMMA = YES;
				CLANG_WARN_CONSTANT_CONVERSION = YES;
				CLANG_WARN_DEPRECATED_OBJC_IMPLEMENTATIONS = YES;
				CLANG_WARN_DIRECT_OBJC_ISA_USAGE = YES_ERROR;
				CLANG_WARN_DOCUMENTATION_COMMENTS = YES;
				CLANG_WARN_EMPTY_BODY = YES;
				CLANG_WARN_ENUM_CONVERSION = YES;
				CLANG_WARN_INFINITE_RECURSION = YES;
				CLANG_WARN_INT_CONVERSION = YES;
				CLANG_WARN_NON_LITERAL_NULL_CONVERSION = YES;
				CLANG_WARN_OBJC_IMPLICIT_RETAIN_SELF = YES;
				CLANG_WARN_OBJC_LITERAL_CONVERSION = YES;
				CLANG_WARN_OBJC_ROOT_CLASS = YES_ERROR;
				CLANG_WARN_QUOTED_INCLUDE_IN_FRAMEWORK_HEADER = YES;
				CLANG_WARN_RANGE_LOOP_ANALYSIS = YES;
				CLANG_WARN_STRICT_PROTOTYPES = YES;
				CLANG_WARN_SUSPICIOUS_MOVE = YES;
				CLANG_WARN_UNGUARDED_AVAILABILITY = YES_AGGRESSIVE;
				CLANG_WARN_UNREACHABLE_CODE = YES;
				CLANG_WARN__DUPLICATE_METHOD_MATCH = YES;
				COPY_PHASE_STRIP = NO;
				DEBUG_INFORMATION_FORMAT = "dwarf-with-dsym";
				ENABLE_NS_ASSERTIONS = NO;
				ENABLE_STRICT_OBJC_MSGSEND = YES;
				GCC_C_LANGUAGE_STANDARD = gnu11;
				GCC_NO_COMMON_BLOCKS = YES;
				GCC_WARN_64_TO_32_BIT_CONVERSION = YES;
				GCC_WARN_ABOUT_RETURN_TYPE = YES_ERROR;
				GCC_WARN_UNDECLARED_SELECTOR = YES;
				GCC_WARN_UNINITIALIZED_AUTOS = YES_AGGRESSIVE;
				GCC_WARN_UNUSED_FUNCTION = YES;
				GCC_WARN_UNUSED_VARIABLE = YES;
				IPHONEOS_DEPLOYMENT_TARGET = 16.0;
				MTL_ENABLE_DEBUG_INFO = NO;
				MTL_FAST_MATH = YES;
				SDKROOT = iphoneos;
				SWIFT_COMPILATION_MODE = wholemodule;
				SWIFT_OPTIMIZATION_LEVEL = "-O";
				VALIDATE_PRODUCT = YES;
			};
			name = Release;
		};
		76044AE728F3FF7200FAB952 /* Debug */ = {
			isa = XCBuildConfiguration;
			buildSettings = {
				ASSETCATALOG_COMPILER_APPICON_NAME = AppIcon;
				ASSETCATALOG_COMPILER_GLOBAL_ACCENT_COLOR_NAME = AccentColor;
				CODE_SIGN_STYLE = Automatic;
				CURRENT_PROJECT_VERSION = 1;
				DEVELOPMENT_ASSET_PATHS = "\"10_Practice1/Preview Content\"";
				DEVELOPMENT_TEAM = 9T6LACGY96;
				ENABLE_PREVIEWS = YES;
				GENERATE_INFOPLIST_FILE = YES;
				INFOPLIST_KEY_UIApplicationSceneManifest_Generation = YES;
				INFOPLIST_KEY_UIApplicationSupportsIndirectInputEvents = YES;
				INFOPLIST_KEY_UILaunchScreen_Generation = YES;
				INFOPLIST_KEY_UISupportedInterfaceOrientations_iPad = "UIInterfaceOrientationPortrait UIInterfaceOrientationPortraitUpsideDown UIInterfaceOrientationLandscapeLeft UIInterfaceOrientationLandscapeRight";
				INFOPLIST_KEY_UISupportedInterfaceOrientations_iPhone = "UIInterfaceOrientationPortrait UIInterfaceOrientationLandscapeLeft UIInterfaceOrientationLandscapeRight";
				LD_RUNPATH_SEARCH_PATHS = (
					"$(inherited)",
					"@executable_path/Frameworks",
				);
				MARKETING_VERSION = 1.0;
				PRODUCT_BUNDLE_IDENTIFIER = "Kwon.-0-Practice1";
				PRODUCT_NAME = "$(TARGET_NAME)";
				SWIFT_EMIT_LOC_STRINGS = YES;
				SWIFT_VERSION = 5.0;
				TARGETED_DEVICE_FAMILY = "1,2";
			};
			name = Debug;
		};
		76044AE828F3FF7200FAB952 /* Release */ = {
			isa = XCBuildConfiguration;
			buildSettings = {
				ASSETCATALOG_COMPILER_APPICON_NAME = AppIcon;
				ASSETCATALOG_COMPILER_GLOBAL_ACCENT_COLOR_NAME = AccentColor;
				CODE_SIGN_STYLE = Automatic;
				CURRENT_PROJECT_VERSION = 1;
				DEVELOPMENT_ASSET_PATHS = "\"10_Practice1/Preview Content\"";
				DEVELOPMENT_TEAM = 9T6LACGY96;
				ENABLE_PREVIEWS = YES;
				GENERATE_INFOPLIST_FILE = YES;
				INFOPLIST_KEY_UIApplicationSceneManifest_Generation = YES;
				INFOPLIST_KEY_UIApplicationSupportsIndirectInputEvents = YES;
				INFOPLIST_KEY_UILaunchScreen_Generation = YES;
				INFOPLIST_KEY_UISupportedInterfaceOrientations_iPad = "UIInterfaceOrientationPortrait UIInterfaceOrientationPortraitUpsideDown UIInterfaceOrientationLandscapeLeft UIInterfaceOrientationLandscapeRight";
				INFOPLIST_KEY_UISupportedInterfaceOrientations_iPhone = "UIInterfaceOrientationPortrait UIInterfaceOrientationLandscapeLeft UIInterfaceOrientationLandscapeRight";
				LD_RUNPATH_SEARCH_PATHS = (
					"$(inherited)",
					"@executable_path/Frameworks",
				);
				MARKETING_VERSION = 1.0;
				PRODUCT_BUNDLE_IDENTIFIER = "Kwon.-0-Practice1";
				PRODUCT_NAME = "$(TARGET_NAME)";
				SWIFT_EMIT_LOC_STRINGS = YES;
				SWIFT_VERSION = 5.0;
				TARGETED_DEVICE_FAMILY = "1,2";
			};
			name = Release;
		};
/* End XCBuildConfiguration section */

/* Begin XCConfigurationList section */
		76044AD328F3FF7100FAB952 /* Build configuration list for PBXProject "10_Practice1" */ = {
			isa = XCConfigurationList;
			buildConfigurations = (
				76044AE428F3FF7200FAB952 /* Debug */,
				76044AE528F3FF7200FAB952 /* Release */,
			);
			defaultConfigurationIsVisible = 0;
			defaultConfigurationName = Release;
		};
		76044AE628F3FF7200FAB952 /* Build configuration list for PBXNativeTarget "10_Practice1" */ = {
			isa = XCConfigurationList;
			buildConfigurations = (
				76044AE728F3FF7200FAB952 /* Debug */,
				76044AE828F3FF7200FAB952 /* Release */,
			);
			defaultConfigurationIsVisible = 0;
			defaultConfigurationName = Release;
		};
/* End XCConfigurationList section */
	};
	rootObject = 76044AD028F3FF7100FAB952 /* Project object */;
}
